
Microsoft Visual Studio Solution File, Format Version 12.00
# Visual Studio Version 16
VisualStudioVersion = 16.0.31112.23
MinimumVisualStudioVersion = 10.0.40219.1
Project("{FAE04EC0-301F-11D3-BF4B-00C04F79EFBC}") = "chess2", "chess2.csproj", "{24D51087-B639-4983-9528-5E72E6A38A23}"
EndProject
Global
	GlobalSection(SolutionConfigurationPlatforms) = preSolution
		Debug|Any CPU = Debug|Any CPU
		Release|Any CPU = Release|Any CPU
	EndGlobalSection
	GlobalSection(ProjectConfigurationPlatforms) = postSolution
		{24D51087-B639-4983-9528-5E72E6A38A23}.Debug|Any CPU.ActiveCfg = Debug|Any CPU
		{24D51087-B639-4983-9528-5E72E6A38A23}.Debug|Any CPU.Build.0 = Debug|Any CPU
		{24D51087-B639-4983-9528-5E72E6A38A23}.Release|Any CPU.ActiveCfg = Release|Any CPU
		{24D51087-B639-4983-9528-5E72E6A38A23}.Release|Any CPU.Build.0 = Release|Any CPU
	EndGlobalSection
	GlobalSection(SolutionProperties) = preSolution
		HideSolutionNode = FALSE
	EndGlobalSection
	GlobalSection(ExtensibilityGlobals) = postSolution
		SolutionGuid = {A291C2BE-E39F-48FA-8FAE-97BC9926748C}
	EndGlobalSection
EndGlobal
